
Microsoft Visual Studio Solution File, Format Version 12.00
# Visual Studio Version 16
VisualStudioVersion = 16.0.31229.75
MinimumVisualStudioVersion = 10.0.40219.1
Project("{9A19103F-16F7-4668-BE54-9A1E7A4F7556}") = "UserLibrary", "UserLibrary\UserLibrary.csproj", "{A7447359-9F65-4468-9F5E-A2FA951D4AFF}"
EndProject
Project("{FAE04EC0-301F-11D3-BF4B-00C04F79EFBC}") = "HomeTask1", "HomeTask1\HomeTask1.csproj", "{A133516A-6623-4D74-B705-92CEA50B9F6E}"
EndProject
Project("{FAE04EC0-301F-11D3-BF4B-00C04F79EFBC}") = "HomeTask1_2", "HomeTask1_2\HomeTask1_2.csproj", "{D7D1BCA3-5AFE-4BDB-BE41-481013398973}"
EndProject
Global
	GlobalSection(SolutionConfigurationPlatforms) = preSolution
		Debug|Any CPU = Debug|Any CPU
		Release|Any CPU = Release|Any CPU
	EndGlobalSection
	GlobalSection(ProjectConfigurationPlatforms) = postSolution
		{A7447359-9F65-4468-9F5E-A2FA951D4AFF}.Debug|Any CPU.ActiveCfg = Debug|Any CPU
		{A7447359-9F65-4468-9F5E-A2FA951D4AFF}.Debug|Any CPU.Build.0 = Debug|Any CPU
		{A7447359-9F65-4468-9F5E-A2FA951D4AFF}.Release|Any CPU.ActiveCfg = Release|Any CPU
		{A7447359-9F65-4468-9F5E-A2FA951D4AFF}.Release|Any CPU.Build.0 = Release|Any CPU
		{A133516A-6623-4D74-B705-92CEA50B9F6E}.Debug|Any CPU.ActiveCfg = Debug|Any CPU
		{A133516A-6623-4D74-B705-92CEA50B9F6E}.Debug|Any CPU.Build.0 = Debug|Any CPU
		{A133516A-6623-4D74-B705-92CEA50B9F6E}.Release|Any CPU.ActiveCfg = Release|Any CPU
		{A133516A-6623-4D74-B705-92CEA50B9F6E}.Release|Any CPU.Build.0 = Release|Any CPU
		{D7D1BCA3-5AFE-4BDB-BE41-481013398973}.Debug|Any CPU.ActiveCfg = Debug|Any CPU
		{D7D1BCA3-5AFE-4BDB-BE41-481013398973}.Debug|Any CPU.Build.0 = Debug|Any CPU
		{D7D1BCA3-5AFE-4BDB-BE41-481013398973}.Release|Any CPU.ActiveCfg = Release|Any CPU
		{D7D1BCA3-5AFE-4BDB-BE41-481013398973}.Release|Any CPU.Build.0 = Release|Any CPU
	EndGlobalSection
	GlobalSection(SolutionProperties) = preSolution
		HideSolutionNode = FALSE
	EndGlobalSection
	GlobalSection(ExtensibilityGlobals) = postSolution
		SolutionGuid = {4642C38E-B6B3-4375-8F4E-010E2774E218}
	EndGlobalSection
EndGlobal
